
Microsoft Visual Studio Solution File, Format Version 12.00
# Visual Studio Version 16
VisualStudioVersion = 16.0.29430.225
MinimumVisualStudioVersion = 10.0.40219.1
Project("{FAE04EC0-301F-11D3-BF4B-00C04F79EFBC}") = "GoViatic.Android", "GoViatic.Android\GoViatic.Android.csproj", "{EE389826-A367-487E-8BFC-932F537965EB}"
EndProject
Project("{9A19103F-16F7-4668-BE54-9A1E7A4F7556}") = "GoViatic", "GoViatic\GoViatic.csproj", "{06644074-00B1-4811-8328-F8B0233E6FCD}"
EndProject
Project("{FAE04EC0-301F-11D3-BF4B-00C04F79EFBC}") = "GoViatic.Classic", "GoViatic.Classic\GoViatic.Classic.csproj", "{CD65941A-85CE-4321-B1A8-2761A4751124}"
EndProject
Global
	GlobalSection(SolutionConfigurationPlatforms) = preSolution
		Debug|Any CPU = Debug|Any CPU
		Release|Any CPU = Release|Any CPU
	EndGlobalSection
	GlobalSection(ProjectConfigurationPlatforms) = postSolution
		{EE389826-A367-487E-8BFC-932F537965EB}.Debug|Any CPU.ActiveCfg = Debug|Any CPU
		{EE389826-A367-487E-8BFC-932F537965EB}.Debug|Any CPU.Build.0 = Debug|Any CPU
		{EE389826-A367-487E-8BFC-932F537965EB}.Debug|Any CPU.Deploy.0 = Debug|Any CPU
		{EE389826-A367-487E-8BFC-932F537965EB}.Release|Any CPU.ActiveCfg = Release|Any CPU
		{EE389826-A367-487E-8BFC-932F537965EB}.Release|Any CPU.Build.0 = Release|Any CPU
		{EE389826-A367-487E-8BFC-932F537965EB}.Release|Any CPU.Deploy.0 = Release|Any CPU
		{06644074-00B1-4811-8328-F8B0233E6FCD}.Debug|Any CPU.ActiveCfg = Debug|Any CPU
		{06644074-00B1-4811-8328-F8B0233E6FCD}.Debug|Any CPU.Build.0 = Debug|Any CPU
		{06644074-00B1-4811-8328-F8B0233E6FCD}.Debug|Any CPU.Deploy.0 = Debug|Any CPU
		{06644074-00B1-4811-8328-F8B0233E6FCD}.Release|Any CPU.ActiveCfg = Release|Any CPU
		{06644074-00B1-4811-8328-F8B0233E6FCD}.Release|Any CPU.Build.0 = Release|Any CPU
		{06644074-00B1-4811-8328-F8B0233E6FCD}.Release|Any CPU.Deploy.0 = Release|Any CPU
		{CD65941A-85CE-4321-B1A8-2761A4751124}.Debug|Any CPU.ActiveCfg = Debug|Any CPU
		{CD65941A-85CE-4321-B1A8-2761A4751124}.Debug|Any CPU.Build.0 = Debug|Any CPU
		{CD65941A-85CE-4321-B1A8-2761A4751124}.Debug|Any CPU.Deploy.0 = Debug|Any CPU
		{CD65941A-85CE-4321-B1A8-2761A4751124}.Release|Any CPU.ActiveCfg = Release|Any CPU
		{CD65941A-85CE-4321-B1A8-2761A4751124}.Release|Any CPU.Build.0 = Release|Any CPU
		{CD65941A-85CE-4321-B1A8-2761A4751124}.Release|Any CPU.Deploy.0 = Release|Any CPU
	EndGlobalSection
	GlobalSection(SolutionProperties) = preSolution
		HideSolutionNode = FALSE
	EndGlobalSection
	GlobalSection(ExtensibilityGlobals) = postSolution
		SolutionGuid = {94C881B2-C649-41E3-9A34-5F7A8FC3FA72}
	EndGlobalSection
EndGlobal
